
Microsoft Visual Studio Solution File, Format Version 12.00
# Visual Studio Version 16
VisualStudioVersion = 16.0.31515.178
MinimumVisualStudioVersion = 10.0.40219.1
Project("{FAE04EC0-301F-11D3-BF4B-00C04F79EFBC}") = "operacion", "operacion\operacion.csproj", "{B11E122C-8240-4DAA-9A50-D41BFBBB6845}"
EndProject
Global
	GlobalSection(SolutionConfigurationPlatforms) = preSolution
		Debug|Any CPU = Debug|Any CPU
		Release|Any CPU = Release|Any CPU
	EndGlobalSection
	GlobalSection(ProjectConfigurationPlatforms) = postSolution
		{B11E122C-8240-4DAA-9A50-D41BFBBB6845}.Debug|Any CPU.ActiveCfg = Debug|Any CPU
		{B11E122C-8240-4DAA-9A50-D41BFBBB6845}.Debug|Any CPU.Build.0 = Debug|Any CPU
		{B11E122C-8240-4DAA-9A50-D41BFBBB6845}.Release|Any CPU.ActiveCfg = Release|Any CPU
		{B11E122C-8240-4DAA-9A50-D41BFBBB6845}.Release|Any CPU.Build.0 = Release|Any CPU
	EndGlobalSection
	GlobalSection(SolutionProperties) = preSolution
		HideSolutionNode = FALSE
	EndGlobalSection
	GlobalSection(ExtensibilityGlobals) = postSolution
		SolutionGuid = {CB144BC0-15E1-47DF-88E6-0A03F88CA715}
	EndGlobalSection
EndGlobal
